{
  "nodes": {
    "flake-utils": {
      "inputs": {
        "systems": "systems"
      },
      "locked": {
        "lastModified": 1692799911,
        "narHash": "sha256-3eihraek4qL744EvQXsK1Ha6C3CR7nnT8X2qWap4RNk=",
        "owner": "numtide",
        "repo": "flake-utils",
        "rev": "f9e7cf818399d17d347f847525c5a5a8032e4e44",
        "type": "github"
      },
      "original": {
        "owner": "numtide",
        "repo": "flake-utils",
        "type": "github"
      }
    },
    "hugo_dep": {
      "locked": {
        "lastModified": 1698266953,
        "narHash": "sha256-jf72t7pC8+8h8fUslUYbWTX5rKsRwOzRMX8jJsGqDXA=",
        "owner": "NixOS",
        "repo": "nixpkgs",
        "rev": "75a52265bda7fd25e06e3a67dee3f0354e73243c",
        "type": "github"
      },
      "original": {
        "owner": "NixOS",
        "repo": "nixpkgs",
        "rev": "75a52265bda7fd25e06e3a67dee3f0354e73243c",
        "type": "github"
      }
    },
    "markdown_lint_dep": {
      "locked": {
        "lastModified": 1697379843,
        "narHash": "sha256-RcnGuJgC2K/UpTy+d32piEoBXq2M+nVFzM3ah/ZdJzg=",
        "owner": "NixOS",
        "repo": "nixpkgs",
        "rev": "12bdeb01ff9e2d3917e6a44037ed7df6e6c3df9d",
        "type": "github"
      },
      "original": {
        "owner": "NixOS",
        "repo": "nixpkgs",
        "rev": "12bdeb01ff9e2d3917e6a44037ed7df6e6c3df9d",
        "type": "github"
      }
    },
    "nixpkgs": {
      "locked": {
        "lastModified": 1695978539,
        "narHash": "sha256-lta5HToBZMWZ2hl5CautNSUgIZViR41QxN7JKbMAjgQ=",
        "owner": "NixOS",
        "repo": "nixpkgs",
        "rev": "bd9b686c0168041aea600222be0805a0de6e6ab8",
        "type": "github"
      },
      "original": {
        "id": "nixpkgs",
        "type": "indirect"
      }
    },
    "nodejs_dep": {
      "locked": {
        "lastModified": 1678347440,
        "narHash": "sha256-mMhmVy0AarJjc0sbV6EEE4MpLYIGoyusLcr7fqM49Vw=",
        "owner": "NixOS",
        "repo": "nixpkgs",
        "rev": "6adf48f53d819a7b6e15672817fa1e78e5f4e84f",
        "type": "github"
      },
      "original": {
        "owner": "NixOS",
        "repo": "nixpkgs",
        "rev": "6adf48f53d819a7b6e15672817fa1e78e5f4e84f",
        "type": "github"
      }
    },
    "root": {
      "inputs": {
        "flake-utils": "flake-utils",
        "hugo_dep": "hugo_dep",
        "markdown_lint_dep": "markdown_lint_dep",
        "nixpkgs": "nixpkgs",
        "nodejs_dep": "nodejs_dep"
      }
    },
    "systems": {
      "locked": {
        "lastModified": 1681028828,
        "narHash": "sha256-Vy1rq5AaRuLzOxct8nz4T6wlgyUR7zLU309k9mBC768=",
        "owner": "nix-systems",
        "repo": "default",
        "rev": "da67096a3b9bf56a91d16901293e51ba5b49a27e",
        "type": "github"
      },
      "original": {
        "owner": "nix-systems",
        "repo": "default",
        "type": "github"
      }
    }
  },
  "root": "root",
  "version": 7
}
